{
  "originHash" : "1ef0ba3b143c9802abf8fbcd5b1e754723a7a8e7fc3fadd172c917d9629a25fa",
  "pins" : [
    {
      "identity" : "swiftnetwork",
      "kind" : "remoteSourceControl",
      "location" : "https://github.com/Natenn/SwiftNetwork",
      "state" : {
        "branch" : "unit_tests/setup",
        "revision" : "6be907efd0fb163851902ca3d8a3703780fc5bc5"
      }
    }
  ],
  "version" : 3
}
